<?xml version="1.0" encoding="UTF-8" standalone="yes" ?>
<CodeBlocks_project_file>
	<FileVersion major="1" minor="6" />
	<Project>
		<Option title="ALAGame" />
		<Option pch_mode="2" />
		<Option compiler="gcc" />
		<Build>
			<Target title="Debug">
				<Option output="../Game/bin/ALAGame_debug" prefix_auto="1" extension_auto="1" />
				<Option working_dir="../Game/bin/" />
				<Option object_output="obj/Debug/" />
				<Option type="1" />
				<Option compiler="gcc" />
				<Compiler>
					<Add option="-std=c++11" />
					<Add option="-g" />
				</Compiler>
				<Linker>
					<Add library="sfml-graphics" />
					<Add library="sfml-window" />
					<Add library="sfml-system" />
					<Add library="opengl32" />
					<Add library="freetype" />
					<Add library="jpeg" />
				</Linker>
			</Target>
			<Target title="Release">
				<Option output="../Game/bin/ALAGame" prefix_auto="1" extension_auto="1" />
				<Option working_dir="../Game/bin/" />
				<Option object_output="obj/Release/" />
				<Option type="1" />
				<Option compiler="gcc" />
				<Compiler>
					<Add option="-O3" />
				</Compiler>
				<Linker>
					<Add option="-s" />
					<Add library="sfml-graphics" />
					<Add library="sfml-window" />
					<Add library="sfml-system" />
					<Add library="opengl32" />
					<Add library="freetype" />
					<Add library="jpeg" />
				</Linker>
			</Target>
		</Build>
		<Compiler>
			<Add option="-Wall" />
			<Add option="-fexceptions" />
			<Add directory="SFML/include" />
			<Add directory="ALAGEngine/include" />
			<Add directory="include" />
		</Compiler>
		<Linker>
			<Add directory="SFML/lib" />
		</Linker>
		<Unit filename="ALAGEngine/include/ALAGE/Types.h" />
		<Unit filename="ALAGEngine/include/ALAGE/core/Asset.h" />
		<Unit filename="ALAGEngine/include/ALAGE/core/AssetHandler.h" />
		<Unit filename="ALAGEngine/include/ALAGE/core/Config.h" />
		<Unit filename="ALAGEngine/include/ALAGE/core/EventManager.h" />
		<Unit filename="ALAGEngine/include/ALAGE/core/GApp.h" />
		<Unit filename="ALAGEngine/include/ALAGE/core/GState.h" />
		<Unit filename="ALAGEngine/include/ALAGE/core/StateManager.h" />
		<Unit filename="ALAGEngine/include/ALAGE/gfx/AnimatedSprite.h" />
		<Unit filename="ALAGEngine/include/ALAGE/gfx/IsometricScene.h" />
		<Unit filename="ALAGEngine/include/ALAGE/gfx/QuadtreeNode.h" />
		<Unit filename="ALAGEngine/include/ALAGE/gfx/RectEntity.h" />
		<Unit filename="ALAGEngine/include/ALAGE/gfx/SceneEntity.h" />
		<Unit filename="ALAGEngine/include/ALAGE/gfx/SceneManager.h" />
		<Unit filename="ALAGEngine/include/ALAGE/gfx/SceneNode.h" />
		<Unit filename="ALAGEngine/include/ALAGE/gfx/Texture3DAsset.h" />
		<Unit filename="ALAGEngine/include/ALAGE/gfx/TextureAsset.h" />
		<Unit filename="ALAGEngine/include/ALAGE/utils/Logger.h" />
		<Unit filename="ALAGEngine/include/ALAGE/utils/Parser.h" />
		<Unit filename="ALAGEngine/include/ALAGE/utils/singleton.h" />
		<Unit filename="ALAGEngine/include/extlibs/tinystr.h" />
		<Unit filename="ALAGEngine/include/extlibs/tinyxml.h" />
		<Unit filename="ALAGEngine/src/core/Asset.cpp" />
		<Unit filename="ALAGEngine/src/core/AssetHandler.inc">
			<Option link="1" />
		</Unit>
		<Unit filename="ALAGEngine/src/core/Config.cpp" />
		<Unit filename="ALAGEngine/src/core/EventManager.cpp" />
		<Unit filename="ALAGEngine/src/core/GApp.cpp" />
		<Unit filename="ALAGEngine/src/core/GState.cpp" />
		<Unit filename="ALAGEngine/src/core/StateManager.cpp" />
		<Unit filename="ALAGEngine/src/extlibs/tinystr.cpp" />
		<Unit filename="ALAGEngine/src/extlibs/tinyxml.cpp" />
		<Unit filename="ALAGEngine/src/extlibs/tinyxmlerror.cpp" />
		<Unit filename="ALAGEngine/src/extlibs/tinyxmlparser.cpp" />
		<Unit filename="ALAGEngine/src/gfx/AnimatedSprite.cpp" />
		<Unit filename="ALAGEngine/src/gfx/IsometricScene.cpp" />
		<Unit filename="ALAGEngine/src/gfx/QuadtreeNode.cpp" />
		<Unit filename="ALAGEngine/src/gfx/RectEntity.cpp" />
		<Unit filename="ALAGEngine/src/gfx/SceneEntity.cpp" />
		<Unit filename="ALAGEngine/src/gfx/SceneManager.cpp" />
		<Unit filename="ALAGEngine/src/gfx/SceneNode.cpp" />
		<Unit filename="ALAGEngine/src/gfx/Texture3DAsset.cpp" />
		<Unit filename="ALAGEngine/src/gfx/TextureAsset.cpp" />
		<Unit filename="ALAGEngine/src/utils/Logger.cpp" />
		<Unit filename="ALAGEngine/src/utils/Parser.cpp" />
		<Unit filename="include/states/TestingState.h" />
		<Unit filename="main.cpp" />
		<Unit filename="src/states/TestingState.cpp" />
		<Extensions>
			<code_completion />
			<envvars />
			<debugger />
			<lib_finder disable_auto="1" />
		</Extensions>
	</Project>
</CodeBlocks_project_file>
